Microsoft Visual Studio Solution File, Format Version 12.00
# Visual Studio Version 18
VisualStudioVersion = 18.7.11925.98 stable
MinimumVisualStudioVersion = 10.0.40219.1
Project("{FAE04EC0-301F-11D3-BF4B-00C04F79EFBC}") = "Bfs.Master.Api", "Bfs.Master.Api\Bfs.Master.Api.csproj", "{BFBA41EE-312A-481D-B637-1F36D775F670}"
EndProject
Project("{FAE04EC0-301F-11D3-BF4B-00C04F79EFBC}") = "Bfs.Master.Contracts", "Bfs.Master.Contracts\Bfs.Master.Contracts.csproj", "{A4000CCD-92A9-4188-B393-3E2F51A1E041}"
EndProject
Project("{FAE04EC0-301F-11D3-BF4B-00C04F79EFBC}") = "Bfs.Master.Data", "Bfs.Master.Data\Bfs.Master.Data.csproj", "{89C14EA0-1CBC-4360-9F5A-14EDC241FA8B}"
EndProject
Project("{FAE04EC0-301F-11D3-BF4B-00C04F79EFBC}") = "Bfs.Master.Domain", "Bfs.Master.Domain\Bfs.Master.Domain.csproj", "{F1FDCB2C-7C8A-4EEB-A479-D2659AB1A881}"
EndProject
Project("{FAE04EC0-301F-11D3-BF4B-00C04F79EFBC}") = "Bfs.Core", "..\..\..\Admin\Bfs.Core\Bfs.Core.csproj", "{34393D11-ECD4-400D-9DAD-2E3833DB27E3}"
EndProject
Global
	GlobalSection(SolutionConfigurationPlatforms) = preSolution
		Debug|Any CPU = Debug|Any CPU
		Release|Any CPU = Release|Any CPU
	EndGlobalSection
	GlobalSection(ProjectConfigurationPlatforms) = postSolution
		{BFBA41EE-312A-481D-B637-1F36D775F670}.Debug|Any CPU.ActiveCfg = Debug|Any CPU
		{BFBA41EE-312A-481D-B637-1F36D775F670}.Debug|Any CPU.Build.0 = Debug|Any CPU
		{BFBA41EE-312A-481D-B637-1F36D775F670}.Release|Any CPU.ActiveCfg = Release|Any CPU
		{BFBA41EE-312A-481D-B637-1F36D775F670}.Release|Any CPU.Build.0 = Release|Any CPU
		{A4000CCD-92A9-4188-B393-3E2F51A1E041}.Debug|Any CPU.ActiveCfg = Debug|Any CPU
		{A4000CCD-92A9-4188-B393-3E2F51A1E041}.Debug|Any CPU.Build.0 = Debug|Any CPU
		{A4000CCD-92A9-4188-B393-3E2F51A1E041}.Release|Any CPU.ActiveCfg = Release|Any CPU
		{A4000CCD-92A9-4188-B393-3E2F51A1E041}.Release|Any CPU.Build.0 = Release|Any CPU
		{89C14EA0-1CBC-4360-9F5A-14EDC241FA8B}.Debug|Any CPU.ActiveCfg = Debug|Any CPU
		{89C14EA0-1CBC-4360-9F5A-14EDC241FA8B}.Debug|Any CPU.Build.0 = Debug|Any CPU
		{89C14EA0-1CBC-4360-9F5A-14EDC241FA8B}.Release|Any CPU.ActiveCfg = Release|Any CPU
		{89C14EA0-1CBC-4360-9F5A-14EDC241FA8B}.Release|Any CPU.Build.0 = Release|Any CPU
		{F1FDCB2C-7C8A-4EEB-A479-D2659AB1A881}.Debug|Any CPU.ActiveCfg = Debug|Any CPU
		{F1FDCB2C-7C8A-4EEB-A479-D2659AB1A881}.Debug|Any CPU.Build.0 = Debug|Any CPU
		{F1FDCB2C-7C8A-4EEB-A479-D2659AB1A881}.Release|Any CPU.ActiveCfg = Release|Any CPU
		{F1FDCB2C-7C8A-4EEB-A479-D2659AB1A881}.Release|Any CPU.Build.0 = Release|Any CPU
		{34393D11-ECD4-400D-9DAD-2E3833DB27E3}.Debug|Any CPU.ActiveCfg = Debug|Any CPU
		{34393D11-ECD4-400D-9DAD-2E3833DB27E3}.Debug|Any CPU.Build.0 = Debug|Any CPU
		{34393D11-ECD4-400D-9DAD-2E3833DB27E3}.Release|Any CPU.ActiveCfg = Release|Any CPU
		{34393D11-ECD4-400D-9DAD-2E3833DB27E3}.Release|Any CPU.Build.0 = Release|Any CPU
	EndGlobalSection
	GlobalSection(SolutionProperties) = preSolution
		HideSolutionNode = FALSE
	EndGlobalSection
	GlobalSection(ExtensibilityGlobals) = postSolution
		SolutionGuid = {Guid7}
	EndGlobalSection
EndGlobal
