
Microsoft Visual Studio Solution File, Format Version 12.00
# Visual Studio Version 18
VisualStudioVersion = 18.1.11312.151 d18.0
MinimumVisualStudioVersion = 10.0.40219.1
Project("{FAE04EC0-301F-11D3-BF4B-00C04F79EFBC}") = "Bfs.Core", "Bfs.Core.csproj", "{7DA6F79A-C67A-C54C-5F76-7BA9F0829936}"
EndProject
Global
	GlobalSection(SolutionConfigurationPlatforms) = preSolution
		Debug|Any CPU = Debug|Any CPU
		Release|Any CPU = Release|Any CPU
	EndGlobalSection
	GlobalSection(ProjectConfigurationPlatforms) = postSolution
		{7DA6F79A-C67A-C54C-5F76-7BA9F0829936}.Debug|Any CPU.ActiveCfg = Debug|Any CPU
		{7DA6F79A-C67A-C54C-5F76-7BA9F0829936}.Debug|Any CPU.Build.0 = Debug|Any CPU
		{7DA6F79A-C67A-C54C-5F76-7BA9F0829936}.Release|Any CPU.ActiveCfg = Release|Any CPU
		{7DA6F79A-C67A-C54C-5F76-7BA9F0829936}.Release|Any CPU.Build.0 = Release|Any CPU
	EndGlobalSection
	GlobalSection(SolutionProperties) = preSolution
		HideSolutionNode = FALSE
	EndGlobalSection
	GlobalSection(ExtensibilityGlobals) = postSolution
		SolutionGuid = {AFA3C052-E747-41B7-BC9D-C6D6A43CF3C4}
	EndGlobalSection
EndGlobal
