
Microsoft Visual Studio Solution File, Format Version 12.00
# Visual Studio Version 18
VisualStudioVersion = 18.1.11312.151
MinimumVisualStudioVersion = 10.0.40219.1
Project("{FAE04EC0-301F-11D3-BF4B-00C04F79EFBC}") = "Admin.App", "Admin.App.csproj", "{C152FBC0-171A-2138-C88C-D8DE4D47A506}"
EndProject
Project("{FAE04EC0-301F-11D3-BF4B-00C04F79EFBC}") = "Bfs.Core", "..\Bfs.Core\Bfs.Core.csproj", "{2E76F9EC-86D2-2264-17EC-3D8FDF93231F}"
EndProject
Global
	GlobalSection(SolutionConfigurationPlatforms) = preSolution
		Debug|Any CPU = Debug|Any CPU
		Release|Any CPU = Release|Any CPU
	EndGlobalSection
	GlobalSection(ProjectConfigurationPlatforms) = postSolution
		{C152FBC0-171A-2138-C88C-D8DE4D47A506}.Debug|Any CPU.ActiveCfg = Debug|Any CPU
		{C152FBC0-171A-2138-C88C-D8DE4D47A506}.Debug|Any CPU.Build.0 = Debug|Any CPU
		{C152FBC0-171A-2138-C88C-D8DE4D47A506}.Release|Any CPU.ActiveCfg = Release|Any CPU
		{C152FBC0-171A-2138-C88C-D8DE4D47A506}.Release|Any CPU.Build.0 = Release|Any CPU
		{2E76F9EC-86D2-2264-17EC-3D8FDF93231F}.Debug|Any CPU.ActiveCfg = Debug|Any CPU
		{2E76F9EC-86D2-2264-17EC-3D8FDF93231F}.Debug|Any CPU.Build.0 = Debug|Any CPU
		{2E76F9EC-86D2-2264-17EC-3D8FDF93231F}.Release|Any CPU.ActiveCfg = Release|Any CPU
		{2E76F9EC-86D2-2264-17EC-3D8FDF93231F}.Release|Any CPU.Build.0 = Release|Any CPU
	EndGlobalSection
	GlobalSection(SolutionProperties) = preSolution
		HideSolutionNode = FALSE
	EndGlobalSection
	GlobalSection(ExtensibilityGlobals) = postSolution
		SolutionGuid = {792CF75C-71EF-40CE-8D65-DD08C4F61E62}
	EndGlobalSection
EndGlobal
